
Microsoft Visual Studio Solution File, Format Version 12.00
# Visual Studio Version 17
VisualStudioVersion = 17.4.33205.214
MinimumVisualStudioVersion = 10.0.40219.1
Project("{FAE04EC0-301F-11D3-BF4B-00C04F79EFBC}") = "HospitalInformationSystem", "HospitalInformationSystem\HospitalInformationSystem.csproj", "{E2C74D3B-12D2-4E0D-92A4-F06A0BAD5F36}"
EndProject
Global
	GlobalSection(SolutionConfigurationPlatforms) = preSolution
		Debug|Any CPU = Debug|Any CPU
		Release|Any CPU = Release|Any CPU
	EndGlobalSection
	GlobalSection(ProjectConfigurationPlatforms) = postSolution
		{E2C74D3B-12D2-4E0D-92A4-F06A0BAD5F36}.Debug|Any CPU.ActiveCfg = Debug|Any CPU
		{E2C74D3B-12D2-4E0D-92A4-F06A0BAD5F36}.Debug|Any CPU.Build.0 = Debug|Any CPU
		{E2C74D3B-12D2-4E0D-92A4-F06A0BAD5F36}.Release|Any CPU.ActiveCfg = Release|Any CPU
		{E2C74D3B-12D2-4E0D-92A4-F06A0BAD5F36}.Release|Any CPU.Build.0 = Release|Any CPU
	EndGlobalSection
	GlobalSection(SolutionProperties) = preSolution
		HideSolutionNode = FALSE
	EndGlobalSection
	GlobalSection(ExtensibilityGlobals) = postSolution
		SolutionGuid = {E3536F84-BBC8-4B9A-B779-DFB7E3F79E47}
	EndGlobalSection
EndGlobal
